
Microsoft Visual Studio Solution File, Format Version 12.00
# Visual Studio Version 17
VisualStudioVersion = 17.11.35222.181
MinimumVisualStudioVersion = 10.0.40219.1
Project("{FAE04EC0-301F-11D3-BF4B-00C04F79EFBC}") = "ClinicApplication", "ClinicApplication\ClinicApplication.csproj", "{F3DF905A-B5F0-414F-BD83-43941C4BA1BB}"
EndProject
Project("{FAE04EC0-301F-11D3-BF4B-00C04F79EFBC}") = "ClinicTestng", "ClinicTestng\ClinicTestng.csproj", "{F9F4B1B2-EB55-4594-A0FE-5715CBD368F4}"
EndProject
Global
	GlobalSection(SolutionConfigurationPlatforms) = preSolution
		Debug|Any CPU = Debug|Any CPU
		Release|Any CPU = Release|Any CPU
	EndGlobalSection
	GlobalSection(ProjectConfigurationPlatforms) = postSolution
		{F3DF905A-B5F0-414F-BD83-43941C4BA1BB}.Debug|Any CPU.ActiveCfg = Debug|Any CPU
		{F3DF905A-B5F0-414F-BD83-43941C4BA1BB}.Debug|Any CPU.Build.0 = Debug|Any CPU
		{F3DF905A-B5F0-414F-BD83-43941C4BA1BB}.Release|Any CPU.ActiveCfg = Release|Any CPU
		{F3DF905A-B5F0-414F-BD83-43941C4BA1BB}.Release|Any CPU.Build.0 = Release|Any CPU
		{F9F4B1B2-EB55-4594-A0FE-5715CBD368F4}.Debug|Any CPU.ActiveCfg = Debug|Any CPU
		{F9F4B1B2-EB55-4594-A0FE-5715CBD368F4}.Debug|Any CPU.Build.0 = Debug|Any CPU
		{F9F4B1B2-EB55-4594-A0FE-5715CBD368F4}.Release|Any CPU.ActiveCfg = Release|Any CPU
		{F9F4B1B2-EB55-4594-A0FE-5715CBD368F4}.Release|Any CPU.Build.0 = Release|Any CPU
	EndGlobalSection
	GlobalSection(SolutionProperties) = preSolution
		HideSolutionNode = FALSE
	EndGlobalSection
	GlobalSection(ExtensibilityGlobals) = postSolution
		SolutionGuid = {5E9788D1-7A4E-42C4-9F2D-8EFDEE9191FD}
	EndGlobalSection
EndGlobal
