
Microsoft Visual Studio Solution File, Format Version 12.00
# Visual Studio Version 17
VisualStudioVersion = 17.11.35222.181
MinimumVisualStudioVersion = 10.0.40219.1
Project("{FAE04EC0-301F-11D3-BF4B-00C04F79EFBC}") = "FirstMVCApp", "FirstMVCApp\FirstMVCApp.csproj", "{AE0EC846-D360-4D78-AA18-21685B91D722}"
EndProject
Global
	GlobalSection(SolutionConfigurationPlatforms) = preSolution
		Debug|Any CPU = Debug|Any CPU
		Release|Any CPU = Release|Any CPU
	EndGlobalSection
	GlobalSection(ProjectConfigurationPlatforms) = postSolution
		{AE0EC846-D360-4D78-AA18-21685B91D722}.Debug|Any CPU.ActiveCfg = Debug|Any CPU
		{AE0EC846-D360-4D78-AA18-21685B91D722}.Debug|Any CPU.Build.0 = Debug|Any CPU
		{AE0EC846-D360-4D78-AA18-21685B91D722}.Release|Any CPU.ActiveCfg = Release|Any CPU
		{AE0EC846-D360-4D78-AA18-21685B91D722}.Release|Any CPU.Build.0 = Release|Any CPU
	EndGlobalSection
	GlobalSection(SolutionProperties) = preSolution
		HideSolutionNode = FALSE
	EndGlobalSection
	GlobalSection(ExtensibilityGlobals) = postSolution
		SolutionGuid = {AD464209-A63E-4FD1-9C62-A8550A1B1C52}
	EndGlobalSection
EndGlobal
