
Microsoft Visual Studio Solution File, Format Version 12.00
# Visual Studio Version 17
VisualStudioVersion = 17.11.35222.181
MinimumVisualStudioVersion = 10.0.40219.1
Project("{FAE04EC0-301F-11D3-BF4B-00C04F79EFBC}") = "BaiscLearningApp", "BaicsLearningApp\BaiscLearningApp.csproj", "{17CC664C-3A89-4B02-A954-33D2ACFF59BC}"
EndProject
Global
	GlobalSection(SolutionConfigurationPlatforms) = preSolution
		Debug|Any CPU = Debug|Any CPU
		Release|Any CPU = Release|Any CPU
	EndGlobalSection
	GlobalSection(ProjectConfigurationPlatforms) = postSolution
		{17CC664C-3A89-4B02-A954-33D2ACFF59BC}.Debug|Any CPU.ActiveCfg = Debug|Any CPU
		{17CC664C-3A89-4B02-A954-33D2ACFF59BC}.Debug|Any CPU.Build.0 = Debug|Any CPU
		{17CC664C-3A89-4B02-A954-33D2ACFF59BC}.Release|Any CPU.ActiveCfg = Release|Any CPU
		{17CC664C-3A89-4B02-A954-33D2ACFF59BC}.Release|Any CPU.Build.0 = Release|Any CPU
	EndGlobalSection
	GlobalSection(SolutionProperties) = preSolution
		HideSolutionNode = FALSE
	EndGlobalSection
	GlobalSection(ExtensibilityGlobals) = postSolution
		SolutionGuid = {F8E91F50-3916-40C4-8A4D-B74E9C82028C}
	EndGlobalSection
EndGlobal
